github.com/Djoulzy/Tools/clog v0.0.0-20220609190146-71af779f6ddc h1:csq0zYn1hpV+yFC93+MUFpp+zvNXFjU5ra3trOqc5iY=
github.com/Djoulzy/Tools/clog v0.0.0-20220609190146-71af779f6ddc/go.mod h1:vpiS+fdl4f0KXBYgS8fT/bDBQc2L3XpFEroPKdL5WNA=
github.com/Djoulzy/emutools/charset v0.0.0-20230911061502-038869655947 h1:k9DZsP2+GXdt3QpSnhN7qacEoI7ekWF/o9tEyK9+3UQ=
github.com/Djoulzy/emutools/charset v0.0.0-20230911061502-038869655947/go.mod h1:nHh/Oz8MYyMM1G6/QcjV+m/5fmzwHNLDom7PrgBqsQo=
github.com/albenik/bcd v0.0.0-20170831201648-635201416bc7 h1:m3Ayfs5OcAlIMEdLIQKubBsVLGee4YMUr14+d1256WE=
github.com/albenik/bcd v0.0.0-20170831201648-635201416bc7/go.mod h1:QIAMbrwsnQZ2ES3G26RubSrDB5SPyzsp9Hts5NJdTrI=
github.com/davecgh/go-spew v1.1.1 h1:vj9j/u1bqnvCEfJOwUhtlOARqs3+rkHYY13jYWTU97c=
github.com/pmezard/go-difflib v1.0.0 h1:4DBwDE0NGyQoBHbLQYPwSUPoCMWR5BEzIk/f1lZbAQM=
github.com/stretchr/testify v1.8.3 h1:RP3t2pwF7cMEbC1dqtB6poj3niw/9gnV4Cjg5oW5gtY=
github.com/stretchr/testify v1.8.3/go.mod h1:sz/lmYIOXD/1dqDmKjjqLyZ2RngseejIcXlSw2iwfAo=
golang.org/x/exp v0.0.0-20230905200255-921286631fa9 h1:GoHiUyI/Tp2nVkLI2mCxVkOjsbSXD66ic0XW0js0R9g=
golang.org/x/exp v0.0.0-20230905200255-921286631fa9/go.mod h1:S2oDrQGGwySpoQPVqRShND87VCbxmc6bL1Yd2oYrm6k=
gopkg.in/yaml.v3 v3.0.1 h1:fxVm/GzAzEWqLHuvctI91KS9hhNmmWOoWu0XTYJS7CA=
