github.com/Djoulzy/Tools/clog v0.0.0-20220609190146-71af779f6ddc h1:csq0zYn1hpV+yFC93+MUFpp+zvNXFjU5ra3trOqc5iY=
github.com/Djoulzy/Tools/clog v0.0.0-20220609190146-71af779f6ddc/go.mod h1:vpiS+fdl4f0KXBYgS8fT/bDBQc2L3XpFEroPKdL5WNA=
github.com/Djoulzy/emutools/charset v0.0.0-20220616174737-0b8bae1ef37f h1:DK4k150jTpOozsdd/dyLKr7St3/ZPbgvM0oSPyuu55A=
github.com/Djoulzy/emutools/charset v0.0.0-20220616174737-0b8bae1ef37f/go.mod h1:nHh/Oz8MYyMM1G6/QcjV+m/5fmzwHNLDom7PrgBqsQo=
github.com/Djoulzy/emutools/mem v0.0.0-20220616174737-0b8bae1ef37f h1:aq/465i7abRwS7wmwBNg96uhZDykmDCHRpms1YBTG0Q=
github.com/Djoulzy/emutools/mem v0.0.0-20220616174737-0b8bae1ef37f/go.mod h1:h17UF5zv6hIKKszeU5NVgyg20aKaWv2ctoupf8Ukhoc=
github.com/albenik/bcd v0.0.0-20170831201648-635201416bc7 h1:m3Ayfs5OcAlIMEdLIQKubBsVLGee4YMUr14+d1256WE=
github.com/albenik/bcd v0.0.0-20170831201648-635201416bc7/go.mod h1:QIAMbrwsnQZ2ES3G26RubSrDB5SPyzsp9Hts5NJdTrI=
github.com/davecgh/go-spew v1.1.0 h1:ZDRjVQ15GmhC3fiQ8ni8+OwkZQO4DARzQgrnXU1Liz8=
github.com/davecgh/go-spew v1.1.0/go.mod h1:J7Y8YcW2NihsgmVo/mv3lAwl/skON4iLHjSsI+c5H38=
github.com/pmezard/go-difflib v1.0.0 h1:4DBwDE0NGyQoBHbLQYPwSUPoCMWR5BEzIk/f1lZbAQM=
github.com/pmezard/go-difflib v1.0.0/go.mod h1:iKH77koFhYxTK1pcRnkKkqfTogsbg7gZNVY4sRDYZ/4=
github.com/stretchr/objx v0.1.0/go.mod h1:HFkY916IF+rwdDfMAkV7OtwuqBVzrE8GR6GFx+wExME=
github.com/stretchr/testify v1.7.2 h1:4jaiDzPyXQvSd7D0EjG45355tLlV3VOECpq10pLC+8s=
github.com/stretchr/testify v1.7.2/go.mod h1:R6va5+xMeoiuVRoj+gSkQ7d3FALtqAAGI1FQKckRals=
golang.org/x/exp v0.0.0-20220613132600-b0d781184e0d h1:vtUKgx8dahOomfFzLREU8nSv25YHnTgLBn4rDnWZdU0=
golang.org/x/exp v0.0.0-20220613132600-b0d781184e0d/go.mod h1:Kr81I6Kryrl9sr8s2FK3vxD90NdsKWRuOIl2O4CvYbA=
gopkg.in/check.v1 v0.0.0-20161208181325-20d25e280405/go.mod h1:Co6ibVJAznAaIkqp8huTwlJQCZ016jof/cbN4VW5Yz0=
gopkg.in/yaml.v3 v3.0.1 h1:fxVm/GzAzEWqLHuvctI91KS9hhNmmWOoWu0XTYJS7CA=
gopkg.in/yaml.v3 v3.0.1/go.mod h1:K4uyk7z7BCEPqu6E+C64Yfv1cQ7kz7rIZviUmN+EgEM=
