github.com/Djoulzy/Tools/clog v0.0.0-20220421125852-0504bf931481 h1:U41R48SUHKpmYzdZ23rWApeNwO0SqnRMbde/L86PBSo=
github.com/Djoulzy/Tools/clog v0.0.0-20220421125852-0504bf931481/go.mod h1:vpiS+fdl4f0KXBYgS8fT/bDBQc2L3XpFEroPKdL5WNA=
github.com/Djoulzy/emutools/charset v0.0.0-20220428184315-bb709a210b83 h1:Ujq6vzS3B51mEo7GH7J/LVq4WVOrnAfnHcsREWon2W8=
github.com/Djoulzy/emutools/charset v0.0.0-20220428184315-bb709a210b83/go.mod h1:nHh/Oz8MYyMM1G6/QcjV+m/5fmzwHNLDom7PrgBqsQo=
