github.com/Djoulzy/Tools/clog v0.0.0-20220429054701-4c221b41ecdf h1:jtIdZZFmU3ZsJtCA/adDa8lMSILUf8MUqJRuc6z6hns=
github.com/Djoulzy/Tools/clog v0.0.0-20220429054701-4c221b41ecdf/go.mod h1:vpiS+fdl4f0KXBYgS8fT/bDBQc2L3XpFEroPKdL5WNA=
github.com/Djoulzy/emutools/charset v0.0.0-20220428184315-bb709a210b83 h1:Ujq6vzS3B51mEo7GH7J/LVq4WVOrnAfnHcsREWon2W8=
github.com/Djoulzy/emutools/charset v0.0.0-20220428184315-bb709a210b83/go.mod h1:nHh/Oz8MYyMM1G6/QcjV+m/5fmzwHNLDom7PrgBqsQo=
github.com/Djoulzy/emutools/mem v0.0.0-20220506165535-54027361e100 h1:yzf9MFmX0sDmzrXnHyPiHsWAbbXxwW9T/6CRt+1Lmvs=
github.com/Djoulzy/emutools/mem v0.0.0-20220506165535-54027361e100/go.mod h1:h17UF5zv6hIKKszeU5NVgyg20aKaWv2ctoupf8Ukhoc=
github.com/albenik/bcd v0.0.0-20170831201648-635201416bc7 h1:m3Ayfs5OcAlIMEdLIQKubBsVLGee4YMUr14+d1256WE=
github.com/albenik/bcd v0.0.0-20170831201648-635201416bc7/go.mod h1:QIAMbrwsnQZ2ES3G26RubSrDB5SPyzsp9Hts5NJdTrI=
github.com/davecgh/go-spew v1.1.0 h1:ZDRjVQ15GmhC3fiQ8ni8+OwkZQO4DARzQgrnXU1Liz8=
github.com/davecgh/go-spew v1.1.0/go.mod h1:J7Y8YcW2NihsgmVo/mv3lAwl/skON4iLHjSsI+c5H38=
github.com/pmezard/go-difflib v1.0.0 h1:4DBwDE0NGyQoBHbLQYPwSUPoCMWR5BEzIk/f1lZbAQM=
github.com/pmezard/go-difflib v1.0.0/go.mod h1:iKH77koFhYxTK1pcRnkKkqfTogsbg7gZNVY4sRDYZ/4=
github.com/stretchr/objx v0.1.0/go.mod h1:HFkY916IF+rwdDfMAkV7OtwuqBVzrE8GR6GFx+wExME=
github.com/stretchr/testify v1.7.1 h1:5TQK59W5E3v0r2duFAb7P95B6hEeOyEnHRa8MjYSMTY=
github.com/stretchr/testify v1.7.1/go.mod h1:6Fq8oRcR53rry900zMqJjRRixrwX3KX962/h/Wwjteg=
gopkg.in/check.v1 v0.0.0-20161208181325-20d25e280405/go.mod h1:Co6ibVJAznAaIkqp8huTwlJQCZ016jof/cbN4VW5Yz0=
gopkg.in/yaml.v3 v3.0.0-20200313102051-9f266ea9e77c h1:dUUwHk2QECo/6vqA44rthZ8ie2QXMNeKRTHCNY2nXvo=
gopkg.in/yaml.v3 v3.0.0-20200313102051-9f266ea9e77c/go.mod h1:K4uyk7z7BCEPqu6E+C64Yfv1cQ7kz7rIZviUmN+EgEM=
